// !$*UTF8*$!
{
	archiveVersion = 1;
	classes = {
	};
	objectVersion = 46;
	objects = {

/* Begin PBXBuildFile section */
		CC144FDC1D9F8C95004D8E2B /* AppDelegate.swift in Sources */ = {isa = PBXBuildFile; fileRef = CC144FDB1D9F8C95004D8E2B /* AppDelegate.swift */; };
		CC144FDE1D9F8C95004D8E2B /* ViewController.swift in Sources */ = {isa = PBXBuildFile; fileRef = CC144FDD1D9F8C95004D8E2B /* ViewController.swift */; };
		CC144FE11D9F8C95004D8E2B /* Main.storyboard in Resources */ = {isa = PBXBuildFile; fileRef = CC144FDF1D9F8C95004D8E2B /* Main.storyboard */; };
		CC144FE31D9F8C95004D8E2B /* Assets.xcassets in Resources */ = {isa = PBXBuildFile; fileRef = CC144FE21D9F8C95004D8E2B /* Assets.xcassets */; };
		CC144FE61D9F8C95004D8E2B /* LaunchScreen.storyboard in Resources */ = {isa = PBXBuildFile; fileRef = CC144FE41D9F8C95004D8E2B /* LaunchScreen.storyboard */; };
		CC144FEE1D9F8D39004D8E2B /* StickyHeadersCollectionViewFlowLayout.swift in Sources */ = {isa = PBXBuildFile; fileRef = CC144FED1D9F8D39004D8E2B /* StickyHeadersCollectionViewFlowLayout.swift */; };
		CC144FF11D9F8EA2004D8E2B /* SectionHeader.swift in Sources */ = {isa = PBXBuildFile; fileRef = CC144FEF1D9F8EA2004D8E2B /* SectionHeader.swift */; };
		CC144FF21D9F8EA2004D8E2B /* SectionHeader.xib in Resources */ = {isa = PBXBuildFile; fileRef = CC144FF01D9F8EA2004D8E2B /* SectionHeader.xib */; };
		CC144FF41D9F92C4004D8E2B /* UIColorConvenience.swift in Sources */ = {isa = PBXBuildFile; fileRef = CC144FF31D9F92C4004D8E2B /* UIColorConvenience.swift */; };
/* End PBXBuildFile section */

/* Begin PBXFileReference section */
		CC144FD81D9F8C95004D8E2B /* StickyHeaders.app */ = {isa = PBXFileReference; explicitFileType = wrapper.application; includeInIndex = 0; path = StickyHeaders.app; sourceTree = BUILT_PRODUCTS_DIR; };
		CC144FDB1D9F8C95004D8E2B /* AppDelegate.swift */ = {isa = PBXFileReference; lastKnownFileType = sourcecode.swift; path = AppDelegate.swift; sourceTree = "<group>"; };
		CC144FDD1D9F8C95004D8E2B /* ViewController.swift */ = {isa = PBXFileReference; lastKnownFileType = sourcecode.swift; path = ViewController.swift; sourceTree = "<group>"; };
		CC144FE01D9F8C95004D8E2B /* Base */ = {isa = PBXFileReference; lastKnownFileType = file.storyboard; name = Base; path = Base.lproj/Main.storyboard; sourceTree = "<group>"; };
		CC144FE21D9F8C95004D8E2B /* Assets.xcassets */ = {isa = PBXFileReference; lastKnownFileType = folder.assetcatalog; path = Assets.xcassets; sourceTree = "<group>"; };
		CC144FE51D9F8C95004D8E2B /* Base */ = {isa = PBXFileReference; lastKnownFileType = file.storyboard; name = Base; path = Base.lproj/LaunchScreen.storyboard; sourceTree = "<group>"; };
		CC144FE71D9F8C95004D8E2B /* Info.plist */ = {isa = PBXFileReference; lastKnownFileType = text.plist.xml; path = Info.plist; sourceTree = "<group>"; };
		CC144FED1D9F8D39004D8E2B /* StickyHeadersCollectionViewFlowLayout.swift */ = {isa = PBXFileReference; fileEncoding = 4; lastKnownFileType = sourcecode.swift; path = StickyHeadersCollectionViewFlowLayout.swift; sourceTree = "<group>"; };
		CC144FEF1D9F8EA2004D8E2B /* SectionHeader.swift */ = {isa = PBXFileReference; fileEncoding = 4; lastKnownFileType = sourcecode.swift; path = SectionHeader.swift; sourceTree = "<group>"; };
		CC144FF01D9F8EA2004D8E2B /* SectionHeader.xib */ = {isa = PBXFileReference; fileEncoding = 4; lastKnownFileType = file.xib; path = SectionHeader.xib; sourceTree = "<group>"; };
		CC144FF31D9F92C4004D8E2B /* UIColorConvenience.swift */ = {isa = PBXFileReference; fileEncoding = 4; lastKnownFileType = sourcecode.swift; path = UIColorConvenience.swift; sourceTree = "<group>"; };
/* End PBXFileReference section */

/* Begin PBXFrameworksBuildPhase section */
		CC144FD51D9F8C95004D8E2B /* Frameworks */ = {
			isa = PBXFrameworksBuildPhase;
			buildActionMask = 2147483647;
			files = (
			);
			runOnlyForDeploymentPostprocessing = 0;
		};
/* End PBXFrameworksBuildPhase section */

/* Begin PBXGroup section */
		CC144FCF1D9F8C95004D8E2B = {
			isa = PBXGroup;
			children = (
				CC144FDA1D9F8C95004D8E2B /* StickyHeaders */,
				CC144FD91D9F8C95004D8E2B /* Products */,
			);
			sourceTree = "<group>";
		};
		CC144FD91D9F8C95004D8E2B /* Products */ = {
			isa = PBXGroup;
			children = (
				CC144FD81D9F8C95004D8E2B /* StickyHeaders.app */,
			);
			name = Products;
			sourceTree = "<group>";
		};
		CC144FDA1D9F8C95004D8E2B /* StickyHeaders */ = {
			isa = PBXGroup;
			children = (
				CC144FDB1D9F8C95004D8E2B /* AppDelegate.swift */,
				CC144FDD1D9F8C95004D8E2B /* ViewController.swift */,
				CC144FEF1D9F8EA2004D8E2B /* SectionHeader.swift */,
				CC144FF01D9F8EA2004D8E2B /* SectionHeader.xib */,
				CC144FED1D9F8D39004D8E2B /* StickyHeadersCollectionViewFlowLayout.swift */,
				CC144FF31D9F92C4004D8E2B /* UIColorConvenience.swift */,
				CC144FDF1D9F8C95004D8E2B /* Main.storyboard */,
				CC144FE21D9F8C95004D8E2B /* Assets.xcassets */,
				CC144FE41D9F8C95004D8E2B /* LaunchScreen.storyboard */,
				CC144FE71D9F8C95004D8E2B /* Info.plist */,
			);
			path = StickyHeaders;
			sourceTree = "<group>";
		};
/* End PBXGroup section */

/* Begin PBXNativeTarget section */
		CC144FD71D9F8C95004D8E2B /* StickyHeaders */ = {
			isa = PBXNativeTarget;
			buildConfigurationList = CC144FEA1D9F8C95004D8E2B /* Build configuration list for PBXNativeTarget "StickyHeaders" */;
			buildPhases = (
				CC144FD41D9F8C95004D8E2B /* Sources */,
				CC144FD51D9F8C95004D8E2B /* Frameworks */,
				CC144FD61D9F8C95004D8E2B /* Resources */,
			);
			buildRules = (
			);
			dependencies = (
			);
			name = StickyHeaders;
			productName = StickyHeaders;
			productReference = CC144FD81D9F8C95004D8E2B /* StickyHeaders.app */;
			productType = "com.apple.product-type.application";
		};
/* End PBXNativeTarget section */

/* Begin PBXProject section */
		CC144FD01D9F8C95004D8E2B /* Project object */ = {
			isa = PBXProject;
			attributes = {
				LastSwiftUpdateCheck = 0800;
				LastUpgradeCheck = 0800;
				ORGANIZATIONNAME = Cocoacasts;
				TargetAttributes = {
					CC144FD71D9F8C95004D8E2B = {
						CreatedOnToolsVersion = 8.0;
						DevelopmentTeam = 2493UGBPKJ;
						ProvisioningStyle = Automatic;
					};
				};
			};
			buildConfigurationList = CC144FD31D9F8C95004D8E2B /* Build configuration list for PBXProject "StickyHeaders" */;
			compatibilityVersion = "Xcode 3.2";
			developmentRegion = English;
			hasScannedForEncodings = 0;
			knownRegions = (
				English,
				en,
				Base,
			);
			mainGroup = CC144FCF1D9F8C95004D8E2B;
			productRefGroup = CC144FD91D9F8C95004D8E2B /* Products */;
			projectDirPath = "";
			projectRoot = "";
			targets = (
				CC144FD71D9F8C95004D8E2B /* StickyHeaders */,
			);
		};
/* End PBXProject section */

/* Begin PBXResourcesBuildPhase section */
		CC144FD61D9F8C95004D8E2B /* Resources */ = {
			isa = PBXResourcesBuildPhase;
			buildActionMask = 2147483647;
			files = (
				CC144FF21D9F8EA2004D8E2B /* SectionHeader.xib in Resources */,
				CC144FE61D9F8C95004D8E2B /* LaunchScreen.storyboard in Resources */,
				CC144FE31D9F8C95004D8E2B /* Assets.xcassets in Resources */,
				CC144FE11D9F8C95004D8E2B /* Main.storyboard in Resources */,
			);
			runOnlyForDeploymentPostprocessing = 0;
		};
/* End PBXResourcesBuildPhase section */

/* Begin PBXSourcesBuildPhase section */
		CC144FD41D9F8C95004D8E2B /* Sources */ = {
			isa = PBXSourcesBuildPhase;
			buildActionMask = 2147483647;
			files = (
				CC144FF11D9F8EA2004D8E2B /* SectionHeader.swift in Sources */,
				CC144FF41D9F92C4004D8E2B /* UIColorConvenience.swift in Sources */,
				CC144FDE1D9F8C95004D8E2B /* ViewController.swift in Sources */,
				CC144FDC1D9F8C95004D8E2B /* AppDelegate.swift in Sources */,
				CC144FEE1D9F8D39004D8E2B /* StickyHeadersCollectionViewFlowLayout.swift in Sources */,
			);
			runOnlyForDeploymentPostprocessing = 0;
		};
/* End PBXSourcesBuildPhase section */

/* Begin PBXVariantGroup section */
		CC144FDF1D9F8C95004D8E2B /* Main.storyboard */ = {
			isa = PBXVariantGroup;
			children = (
				CC144FE01D9F8C95004D8E2B /* Base */,
			);
			name = Main.storyboard;
			sourceTree = "<group>";
		};
		CC144FE41D9F8C95004D8E2B /* LaunchScreen.storyboard */ = {
			isa = PBXVariantGroup;
			children = (
				CC144FE51D9F8C95004D8E2B /* Base */,
			);
			name = LaunchScreen.storyboard;
			sourceTree = "<group>";
		};
/* End PBXVariantGroup section */

/* Begin XCBuildConfiguration section */
		CC144FE81D9F8C95004D8E2B /* Debug */ = {
			isa = XCBuildConfiguration;
			buildSettings = {
				ALWAYS_SEARCH_USER_PATHS = NO;
				CLANG_ANALYZER_NONNULL = YES;
				CLANG_CXX_LANGUAGE_STANDARD = "gnu++0x";
				CLANG_CXX_LIBRARY = "libc++";
				CLANG_ENABLE_MODULES = YES;
				CLANG_ENABLE_OBJC_ARC = YES;
				CLANG_WARN_BOOL_CONVERSION = YES;
				CLANG_WARN_CONSTANT_CONVERSION = YES;
				CLANG_WARN_DIRECT_OBJC_ISA_USAGE = YES_ERROR;
				CLANG_WARN_DOCUMENTATION_COMMENTS = YES;
				CLANG_WARN_EMPTY_BODY = YES;
				CLANG_WARN_ENUM_CONVERSION = YES;
				CLANG_WARN_INFINITE_RECURSION = YES;
				CLANG_WARN_INT_CONVERSION = YES;
				CLANG_WARN_OBJC_ROOT_CLASS = YES_ERROR;
				CLANG_WARN_SUSPICIOUS_MOVES = YES;
				CLANG_WARN_UNREACHABLE_CODE = YES;
				CLANG_WARN__DUPLICATE_METHOD_MATCH = YES;
				"CODE_SIGN_IDENTITY[sdk=iphoneos*]" = "iPhone Developer";
				COPY_PHASE_STRIP = NO;
				DEBUG_INFORMATION_FORMAT = dwarf;
				ENABLE_STRICT_OBJC_MSGSEND = YES;
				ENABLE_TESTABILITY = YES;
				GCC_C_LANGUAGE_STANDARD = gnu99;
				GCC_DYNAMIC_NO_PIC = NO;
				GCC_NO_COMMON_BLOCKS = YES;
				GCC_OPTIMIZATION_LEVEL = 0;
				GCC_PREPROCESSOR_DEFINITIONS = (
					"DEBUG=1",
					"$(inherited)",
				);
				GCC_WARN_64_TO_32_BIT_CONVERSION = YES;
				GCC_WARN_ABOUT_RETURN_TYPE = YES_ERROR;
				GCC_WARN_UNDECLARED_SELECTOR = YES;
				GCC_WARN_UNINITIALIZED_AUTOS = YES_AGGRESSIVE;
				GCC_WARN_UNUSED_FUNCTION = YES;
				GCC_WARN_UNUSED_VARIABLE = YES;
				IPHONEOS_DEPLOYMENT_TARGET = 10.0;
				MTL_ENABLE_DEBUG_INFO = YES;
				ONLY_ACTIVE_ARCH = YES;
				SDKROOT = iphoneos;
				SWIFT_ACTIVE_COMPILATION_CONDITIONS = DEBUG;
				SWIFT_OPTIMIZATION_LEVEL = "-Onone";
			};
			name = Debug;
		};
		CC144FE91D9F8C95004D8E2B /* Release */ = {
			isa = XCBuildConfiguration;
			buildSettings = {
				ALWAYS_SEARCH_USER_PATHS = NO;
				CLANG_ANALYZER_NONNULL = YES;
				CLANG_CXX_LANGUAGE_STANDARD = "gnu++0x";
				CLANG_CXX_LIBRARY = "libc++";
				CLANG_ENABLE_MODULES = YES;
				CLANG_ENABLE_OBJC_ARC = YES;
				CLANG_WARN_BOOL_CONVERSION = YES;
				CLANG_WARN_CONSTANT_CONVERSION = YES;
				CLANG_WARN_DIRECT_OBJC_ISA_USAGE = YES_ERROR;
				CLANG_WARN_DOCUMENTATION_COMMENTS = YES;
				CLANG_WARN_EMPTY_BODY = YES;
				CLANG_WARN_ENUM_CONVERSION = YES;
				CLANG_WARN_INFINITE_RECURSION = YES;
				CLANG_WARN_INT_CONVERSION = YES;
				CLANG_WARN_OBJC_ROOT_CLASS = YES_ERROR;
				CLANG_WARN_SUSPICIOUS_MOVES = YES;
				CLANG_WARN_UNREACHABLE_CODE = YES;
				CLANG_WARN__DUPLICATE_METHOD_MATCH = YES;
				"CODE_SIGN_IDENTITY[sdk=iphoneos*]" = "iPhone Developer";
				COPY_PHASE_STRIP = NO;
				DEBUG_INFORMATION_FORMAT = "dwarf-with-dsym";
				ENABLE_NS_ASSERTIONS = NO;
				ENABLE_STRICT_OBJC_MSGSEND = YES;
				GCC_C_LANGUAGE_STANDARD = gnu99;
				GCC_NO_COMMON_BLOCKS = YES;
				GCC_WARN_64_TO_32_BIT_CONVERSION = YES;
				GCC_WARN_ABOUT_RETURN_TYPE = YES_ERROR;
				GCC_WARN_UNDECLARED_SELECTOR = YES;
				GCC_WARN_UNINITIALIZED_AUTOS = YES_AGGRESSIVE;
				GCC_WARN_UNUSED_FUNCTION = YES;
				GCC_WARN_UNUSED_VARIABLE = YES;
				IPHONEOS_DEPLOYMENT_TARGET = 10.0;
				MTL_ENABLE_DEBUG_INFO = NO;
				SDKROOT = iphoneos;
				SWIFT_OPTIMIZATION_LEVEL = "-Owholemodule";
				VALIDATE_PRODUCT = YES;
			};
			name = Release;
		};
		CC144FEB1D9F8C95004D8E2B /* Debug */ = {
			isa = XCBuildConfiguration;
			buildSettings = {
				ASSETCATALOG_COMPILER_APPICON_NAME = AppIcon;
				DEVELOPMENT_TEAM = 2493UGBPKJ;
				INFOPLIST_FILE = StickyHeaders/Info.plist;
				LD_RUNPATH_SEARCH_PATHS = "$(inherited) @executable_path/Frameworks";
				PRODUCT_BUNDLE_IDENTIFIER = com.cocoacasts.StickyHeaders;
				PRODUCT_NAME = "$(TARGET_NAME)";
				SWIFT_VERSION = 5.0;
			};
			name = Debug;
		};
		CC144FEC1D9F8C95004D8E2B /* Release */ = {
			isa = XCBuildConfiguration;
			buildSettings = {
				ASSETCATALOG_COMPILER_APPICON_NAME = AppIcon;
				DEVELOPMENT_TEAM = 2493UGBPKJ;
				INFOPLIST_FILE = StickyHeaders/Info.plist;
				LD_RUNPATH_SEARCH_PATHS = "$(inherited) @executable_path/Frameworks";
				PRODUCT_BUNDLE_IDENTIFIER = com.cocoacasts.StickyHeaders;
				PRODUCT_NAME = "$(TARGET_NAME)";
				SWIFT_VERSION = 5.0;
			};
			name = Release;
		};
/* End XCBuildConfiguration section */

/* Begin XCConfigurationList section */
		CC144FD31D9F8C95004D8E2B /* Build configuration list for PBXProject "StickyHeaders" */ = {
			isa = XCConfigurationList;
			buildConfigurations = (
				CC144FE81D9F8C95004D8E2B /* Debug */,
				CC144FE91D9F8C95004D8E2B /* Release */,
			);
			defaultConfigurationIsVisible = 0;
			defaultConfigurationName = Release;
		};
		CC144FEA1D9F8C95004D8E2B /* Build configuration list for PBXNativeTarget "StickyHeaders" */ = {
			isa = XCConfigurationList;
			buildConfigurations = (
				CC144FEB1D9F8C95004D8E2B /* Debug */,
				CC144FEC1D9F8C95004D8E2B /* Release */,
			);
			defaultConfigurationIsVisible = 0;
			defaultConfigurationName = Release;
		};
/* End XCConfigurationList section */
	};
	rootObject = CC144FD01D9F8C95004D8E2B /* Project object */;
}
